
Microsoft Visual Studio Solution File, Format Version 12.00
# Visual Studio Version 17
VisualStudioVersion = 17.8.34511.84
MinimumVisualStudioVersion = 10.0.40219.1
Project("{FAE04EC0-301F-11D3-BF4B-00C04F79EFBC}") = "Employee Data Management System", "Employee Data Management System\Employee Data Management System.csproj", "{DD671C19-7306-4CF8-84D6-DE81C4DDABCC}"
EndProject
Global
	GlobalSection(SolutionConfigurationPlatforms) = preSolution
		Debug|Any CPU = Debug|Any CPU
		Release|Any CPU = Release|Any CPU
	EndGlobalSection
	GlobalSection(ProjectConfigurationPlatforms) = postSolution
		{DD671C19-7306-4CF8-84D6-DE81C4DDABCC}.Debug|Any CPU.ActiveCfg = Debug|Any CPU
		{DD671C19-7306-4CF8-84D6-DE81C4DDABCC}.Debug|Any CPU.Build.0 = Debug|Any CPU
		{DD671C19-7306-4CF8-84D6-DE81C4DDABCC}.Release|Any CPU.ActiveCfg = Release|Any CPU
		{DD671C19-7306-4CF8-84D6-DE81C4DDABCC}.Release|Any CPU.Build.0 = Release|Any CPU
	EndGlobalSection
	GlobalSection(SolutionProperties) = preSolution
		HideSolutionNode = FALSE
	EndGlobalSection
	GlobalSection(ExtensibilityGlobals) = postSolution
		SolutionGuid = {22B11385-2CB4-46AF-A6F7-91709FC0AC54}
	EndGlobalSection
EndGlobal
